
Microsoft Visual Studio Solution File, Format Version 12.00
# Visual Studio Version 17
VisualStudioVersion = 17.13.35825.156
MinimumVisualStudioVersion = 10.0.40219.1
Project("{2150E333-8FDC-42A3-9474-1A3956D46DE8}") = "src", "src", "{02EA681E-C7D8-13C7-8484-4AC65E1B71E8}"
EndProject
Project("{FAE04EC0-301F-11D3-BF4B-00C04F79EFBC}") = "Kitchen.Api", "src\Kitchen.Api\Kitchen.Api.csproj", "{CEB0504A-7F7B-4B12-BD6E-BCEBBD6EE7DF}"
EndProject
Project("{FAE04EC0-301F-11D3-BF4B-00C04F79EFBC}") = "Kitchen.Infrastructure", "src\Kitchen.Infrastructure\Kitchen.Infrastructure.csproj", "{2B1E5EA7-BD80-4FF9-B592-FDD761510D26}"
EndProject
Project("{FAE04EC0-301F-11D3-BF4B-00C04F79EFBC}") = "Kitchen.Application", "src\Kitchen.Application\Kitchen.Application.csproj", "{70110723-ABC7-4F59-AE18-E68728D08330}"
EndProject
Project("{FAE04EC0-301F-11D3-BF4B-00C04F79EFBC}") = "Kitchen.Domain", "src\Kitchen.Domain\Kitchen.Domain.csproj", "{0BA01849-2EB4-4693-9DF0-5EDE3C8B8B13}"
EndProject
Project("{2150E333-8FDC-42A3-9474-1A3956D46DE8}") = "k8s", "k8s", "{451B953D-B92E-4FDC-84AC-382AE04B43DC}"
	ProjectSection(SolutionItems) = preProject
		k8s\configmap.yaml = k8s\configmap.yaml
		k8s\deployment.yaml = k8s\deployment.yaml
		k8s\service.yaml = k8s\service.yaml
	EndProjectSection
EndProject
Project("{2150E333-8FDC-42A3-9474-1A3956D46DE8}") = "requests", "requests", "{A159CCE9-A306-4F6A-8110-78258ABCEE45}"
	ProjectSection(SolutionItems) = preProject
		requests\http-client.env.json = requests\http-client.env.json
		requests\kitchen.http = requests\kitchen.http
	EndProjectSection
EndProject
Global
	GlobalSection(SolutionConfigurationPlatforms) = preSolution
		Debug|Any CPU = Debug|Any CPU
		Release|Any CPU = Release|Any CPU
	EndGlobalSection
	GlobalSection(ProjectConfigurationPlatforms) = postSolution
		{CEB0504A-7F7B-4B12-BD6E-BCEBBD6EE7DF}.Debug|Any CPU.ActiveCfg = Debug|Any CPU
		{CEB0504A-7F7B-4B12-BD6E-BCEBBD6EE7DF}.Debug|Any CPU.Build.0 = Debug|Any CPU
		{CEB0504A-7F7B-4B12-BD6E-BCEBBD6EE7DF}.Release|Any CPU.ActiveCfg = Release|Any CPU
		{CEB0504A-7F7B-4B12-BD6E-BCEBBD6EE7DF}.Release|Any CPU.Build.0 = Release|Any CPU
		{2B1E5EA7-BD80-4FF9-B592-FDD761510D26}.Debug|Any CPU.ActiveCfg = Debug|Any CPU
		{2B1E5EA7-BD80-4FF9-B592-FDD761510D26}.Debug|Any CPU.Build.0 = Debug|Any CPU
		{2B1E5EA7-BD80-4FF9-B592-FDD761510D26}.Release|Any CPU.ActiveCfg = Release|Any CPU
		{2B1E5EA7-BD80-4FF9-B592-FDD761510D26}.Release|Any CPU.Build.0 = Release|Any CPU
		{70110723-ABC7-4F59-AE18-E68728D08330}.Debug|Any CPU.ActiveCfg = Debug|Any CPU
		{70110723-ABC7-4F59-AE18-E68728D08330}.Debug|Any CPU.Build.0 = Debug|Any CPU
		{70110723-ABC7-4F59-AE18-E68728D08330}.Release|Any CPU.ActiveCfg = Release|Any CPU
		{70110723-ABC7-4F59-AE18-E68728D08330}.Release|Any CPU.Build.0 = Release|Any CPU
		{0BA01849-2EB4-4693-9DF0-5EDE3C8B8B13}.Debug|Any CPU.ActiveCfg = Debug|Any CPU
		{0BA01849-2EB4-4693-9DF0-5EDE3C8B8B13}.Debug|Any CPU.Build.0 = Debug|Any CPU
		{0BA01849-2EB4-4693-9DF0-5EDE3C8B8B13}.Release|Any CPU.ActiveCfg = Release|Any CPU
		{0BA01849-2EB4-4693-9DF0-5EDE3C8B8B13}.Release|Any CPU.Build.0 = Release|Any CPU
	EndGlobalSection
	GlobalSection(SolutionProperties) = preSolution
		HideSolutionNode = FALSE
	EndGlobalSection
	GlobalSection(NestedProjects) = preSolution
		{CEB0504A-7F7B-4B12-BD6E-BCEBBD6EE7DF} = {02EA681E-C7D8-13C7-8484-4AC65E1B71E8}
		{2B1E5EA7-BD80-4FF9-B592-FDD761510D26} = {02EA681E-C7D8-13C7-8484-4AC65E1B71E8}
		{70110723-ABC7-4F59-AE18-E68728D08330} = {02EA681E-C7D8-13C7-8484-4AC65E1B71E8}
		{0BA01849-2EB4-4693-9DF0-5EDE3C8B8B13} = {02EA681E-C7D8-13C7-8484-4AC65E1B71E8}
	EndGlobalSection
	GlobalSection(ExtensibilityGlobals) = postSolution
		SolutionGuid = {84C23743-21A4-40B0-B3B3-7B6D143201DD}
	EndGlobalSection
EndGlobal
